// !$*UTF8*$!
{
	archiveVersion = 1;
	classes = {
	};
	objectVersion = 56;
	objects = {

/* Begin PBXBuildFile section */
		7EB6E5FE2B2CB320003729C9 /* AppDelegate.swift in Sources */ = {isa = PBXBuildFile; fileRef = 7EB6E5FD2B2CB320003729C9 /* AppDelegate.swift */; };
		7EB6E6002B2CB320003729C9 /* SceneDelegate.swift in Sources */ = {isa = PBXBuildFile; fileRef = 7EB6E5FF2B2CB320003729C9 /* SceneDelegate.swift */; };
		7EB6E6022B2CB320003729C9 /* ViewController.swift in Sources */ = {isa = PBXBuildFile; fileRef = 7EB6E6012B2CB320003729C9 /* ViewController.swift */; };
		7EB6E6072B2CB321003729C9 /* Assets.xcassets in Resources */ = {isa = PBXBuildFile; fileRef = 7EB6E6062B2CB321003729C9 /* Assets.xcassets */; };
		7EB6E60A2B2CB321003729C9 /* LaunchScreen.storyboard in Resources */ = {isa = PBXBuildFile; fileRef = 7EB6E6082B2CB321003729C9 /* LaunchScreen.storyboard */; };
		7EB6E6172B2CB447003729C9 /* NewsResponse.swift in Sources */ = {isa = PBXBuildFile; fileRef = 7EB6E6162B2CB447003729C9 /* NewsResponse.swift */; };
		7EB6E6192B2CB4A0003729C9 /* RemoteDataSource.swift in Sources */ = {isa = PBXBuildFile; fileRef = 7EB6E6182B2CB4A0003729C9 /* RemoteDataSource.swift */; };
		7EB6E61C2B2CB4C1003729C9 /* Alamofire in Frameworks */ = {isa = PBXBuildFile; productRef = 7EB6E61B2B2CB4C1003729C9 /* Alamofire */; };
		7EB6E6372B2CB609003729C9 /* APIService.swift in Sources */ = {isa = PBXBuildFile; fileRef = 7EB6E6362B2CB609003729C9 /* APIService.swift */; };
		7EB6E63A2B2CB7A2003729C9 /* CustomError+Ext.swift in Sources */ = {isa = PBXBuildFile; fileRef = 7EB6E6392B2CB7A2003729C9 /* CustomError+Ext.swift */; };
		7EB6E6412B2CBA24003729C9 /* News.swift in Sources */ = {isa = PBXBuildFile; fileRef = 7EB6E6402B2CBA24003729C9 /* News.swift */; };
		7EB6E6432B2CBA91003729C9 /* NewsRepository.swift in Sources */ = {isa = PBXBuildFile; fileRef = 7EB6E6422B2CBA91003729C9 /* NewsRepository.swift */; };
		7EB6E6462B2CBC5D003729C9 /* Injection.swift in Sources */ = {isa = PBXBuildFile; fileRef = 7EB6E6452B2CBC5D003729C9 /* Injection.swift */; };
		7EB6E6492B2CBD1F003729C9 /* NewsMapper.swift in Sources */ = {isa = PBXBuildFile; fileRef = 7EB6E6482B2CBD1F003729C9 /* NewsMapper.swift */; };
		7EB6E64E2B2CBF92003729C9 /* HomeViewController.swift in Sources */ = {isa = PBXBuildFile; fileRef = 7EB6E64D2B2CBF92003729C9 /* HomeViewController.swift */; };
		7EB6E6512B2CC0EA003729C9 /* NewsTableViewCell.swift in Sources */ = {isa = PBXBuildFile; fileRef = 7EB6E6502B2CC0EA003729C9 /* NewsTableViewCell.swift */; };
		7EB6E65F2B2CC9E1003729C9 /* RxBlocking in Frameworks */ = {isa = PBXBuildFile; productRef = 7EB6E65E2B2CC9E1003729C9 /* RxBlocking */; };
		7EB6E6612B2CC9E1003729C9 /* RxBlocking-Dynamic in Frameworks */ = {isa = PBXBuildFile; productRef = 7EB6E6602B2CC9E1003729C9 /* RxBlocking-Dynamic */; };
		7EB6E6632B2CC9E1003729C9 /* RxCocoa in Frameworks */ = {isa = PBXBuildFile; productRef = 7EB6E6622B2CC9E1003729C9 /* RxCocoa */; };
		7EB6E6652B2CC9E1003729C9 /* RxCocoa-Dynamic in Frameworks */ = {isa = PBXBuildFile; productRef = 7EB6E6642B2CC9E1003729C9 /* RxCocoa-Dynamic */; };
		7EB6E6672B2CC9E1003729C9 /* RxRelay in Frameworks */ = {isa = PBXBuildFile; productRef = 7EB6E6662B2CC9E1003729C9 /* RxRelay */; };
		7EB6E66A2B2CCABD003729C9 /* SDWebImage in Frameworks */ = {isa = PBXBuildFile; productRef = 7EB6E6692B2CCABD003729C9 /* SDWebImage */; };
		7EB6E66C2B2CCABD003729C9 /* SDWebImageMapKit in Frameworks */ = {isa = PBXBuildFile; productRef = 7EB6E66B2B2CCABD003729C9 /* SDWebImageMapKit */; };
		7EB6E66F2B2CCD16003729C9 /* HomeInteractor.swift in Sources */ = {isa = PBXBuildFile; fileRef = 7EB6E66E2B2CCD16003729C9 /* HomeInteractor.swift */; };
/* End PBXBuildFile section */

/* Begin PBXFileReference section */
		7EB6E5FA2B2CB320003729C9 /* MockaNews.app */ = {isa = PBXFileReference; explicitFileType = wrapper.application; includeInIndex = 0; path = MockaNews.app; sourceTree = BUILT_PRODUCTS_DIR; };
		7EB6E5FD2B2CB320003729C9 /* AppDelegate.swift */ = {isa = PBXFileReference; lastKnownFileType = sourcecode.swift; path = AppDelegate.swift; sourceTree = "<group>"; };
		7EB6E5FF2B2CB320003729C9 /* SceneDelegate.swift */ = {isa = PBXFileReference; lastKnownFileType = sourcecode.swift; path = SceneDelegate.swift; sourceTree = "<group>"; };
		7EB6E6012B2CB320003729C9 /* ViewController.swift */ = {isa = PBXFileReference; lastKnownFileType = sourcecode.swift; path = ViewController.swift; sourceTree = "<group>"; };
		7EB6E6062B2CB321003729C9 /* Assets.xcassets */ = {isa = PBXFileReference; lastKnownFileType = folder.assetcatalog; path = Assets.xcassets; sourceTree = "<group>"; };
		7EB6E6092B2CB321003729C9 /* Base */ = {isa = PBXFileReference; lastKnownFileType = file.storyboard; name = Base; path = Base.lproj/LaunchScreen.storyboard; sourceTree = "<group>"; };
		7EB6E60B2B2CB321003729C9 /* Info.plist */ = {isa = PBXFileReference; lastKnownFileType = text.plist.xml; path = Info.plist; sourceTree = "<group>"; };
		7EB6E6162B2CB447003729C9 /* NewsResponse.swift */ = {isa = PBXFileReference; lastKnownFileType = sourcecode.swift; name = NewsResponse.swift; path = ../../../../../../NewsResponse.swift; sourceTree = "<group>"; };
		7EB6E6182B2CB4A0003729C9 /* RemoteDataSource.swift */ = {isa = PBXFileReference; lastKnownFileType = sourcecode.swift; path = RemoteDataSource.swift; sourceTree = "<group>"; };
		7EB6E6362B2CB609003729C9 /* APIService.swift */ = {isa = PBXFileReference; lastKnownFileType = sourcecode.swift; path = APIService.swift; sourceTree = "<group>"; };
		7EB6E6392B2CB7A2003729C9 /* CustomError+Ext.swift */ = {isa = PBXFileReference; lastKnownFileType = sourcecode.swift; path = "CustomError+Ext.swift"; sourceTree = "<group>"; };
		7EB6E6402B2CBA24003729C9 /* News.swift */ = {isa = PBXFileReference; lastKnownFileType = sourcecode.swift; path = News.swift; sourceTree = "<group>"; };
		7EB6E6422B2CBA91003729C9 /* NewsRepository.swift */ = {isa = PBXFileReference; lastKnownFileType = sourcecode.swift; path = NewsRepository.swift; sourceTree = "<group>"; };
		7EB6E6452B2CBC5D003729C9 /* Injection.swift */ = {isa = PBXFileReference; lastKnownFileType = sourcecode.swift; path = Injection.swift; sourceTree = "<group>"; };
		7EB6E6482B2CBD1F003729C9 /* NewsMapper.swift */ = {isa = PBXFileReference; lastKnownFileType = sourcecode.swift; path = NewsMapper.swift; sourceTree = "<group>"; };
		7EB6E64D2B2CBF92003729C9 /* HomeViewController.swift */ = {isa = PBXFileReference; lastKnownFileType = sourcecode.swift; path = HomeViewController.swift; sourceTree = "<group>"; };
		7EB6E6502B2CC0EA003729C9 /* NewsTableViewCell.swift */ = {isa = PBXFileReference; lastKnownFileType = sourcecode.swift; path = NewsTableViewCell.swift; sourceTree = "<group>"; };
		7EB6E66E2B2CCD16003729C9 /* HomeInteractor.swift */ = {isa = PBXFileReference; lastKnownFileType = sourcecode.swift; path = HomeInteractor.swift; sourceTree = "<group>"; };
/* End PBXFileReference section */

/* Begin PBXFrameworksBuildPhase section */
		7EB6E5F72B2CB320003729C9 /* Frameworks */ = {
			isa = PBXFrameworksBuildPhase;
			buildActionMask = 2147483647;
			files = (
				7EB6E6672B2CC9E1003729C9 /* RxRelay in Frameworks */,
				7EB6E6612B2CC9E1003729C9 /* RxBlocking-Dynamic in Frameworks */,
				7EB6E6652B2CC9E1003729C9 /* RxCocoa-Dynamic in Frameworks */,
				7EB6E66A2B2CCABD003729C9 /* SDWebImage in Frameworks */,
				7EB6E61C2B2CB4C1003729C9 /* Alamofire in Frameworks */,
				7EB6E6632B2CC9E1003729C9 /* RxCocoa in Frameworks */,
				7EB6E66C2B2CCABD003729C9 /* SDWebImageMapKit in Frameworks */,
				7EB6E65F2B2CC9E1003729C9 /* RxBlocking in Frameworks */,
			);
			runOnlyForDeploymentPostprocessing = 0;
		};
/* End PBXFrameworksBuildPhase section */

/* Begin PBXGroup section */
		7EB6E5F12B2CB320003729C9 = {
			isa = PBXGroup;
			children = (
				7EB6E5FC2B2CB320003729C9 /* MockaNews */,
				7EB6E5FB2B2CB320003729C9 /* Products */,
			);
			sourceTree = "<group>";
		};
		7EB6E5FB2B2CB320003729C9 /* Products */ = {
			isa = PBXGroup;
			children = (
				7EB6E5FA2B2CB320003729C9 /* MockaNews.app */,
			);
			name = Products;
			sourceTree = "<group>";
		};
		7EB6E5FC2B2CB320003729C9 /* MockaNews */ = {
			isa = PBXGroup;
			children = (
				7EB6E64A2B2CBF70003729C9 /* Module */,
				7EB6E6332B2CB5EB003729C9 /* Utils */,
				7EB6E6122B2CB423003729C9 /* Core */,
				7EB6E5FD2B2CB320003729C9 /* AppDelegate.swift */,
				7EB6E5FF2B2CB320003729C9 /* SceneDelegate.swift */,
				7EB6E6012B2CB320003729C9 /* ViewController.swift */,
				7EB6E6062B2CB321003729C9 /* Assets.xcassets */,
				7EB6E6082B2CB321003729C9 /* LaunchScreen.storyboard */,
				7EB6E60B2B2CB321003729C9 /* Info.plist */,
			);
			path = MockaNews;
			sourceTree = "<group>";
		};
		7EB6E6122B2CB423003729C9 /* Core */ = {
			isa = PBXGroup;
			children = (
				7EB6E6442B2CBC30003729C9 /* Injection */,
				7EB6E63D2B2CB9E1003729C9 /* Domain */,
				7EB6E6132B2CB427003729C9 /* Data */,
			);
			path = Core;
			sourceTree = "<group>";
		};
		7EB6E6132B2CB427003729C9 /* Data */ = {
			isa = PBXGroup;
			children = (
				7EB6E6142B2CB432003729C9 /* Remote */,
				7EB6E6422B2CBA91003729C9 /* NewsRepository.swift */,
			);
			path = Data;
			sourceTree = "<group>";
		};
		7EB6E6142B2CB432003729C9 /* Remote */ = {
			isa = PBXGroup;
			children = (
				7EB6E6152B2CB438003729C9 /* Response */,
				7EB6E6182B2CB4A0003729C9 /* RemoteDataSource.swift */,
			);
			path = Remote;
			sourceTree = "<group>";
		};
		7EB6E6152B2CB438003729C9 /* Response */ = {
			isa = PBXGroup;
			children = (
				7EB6E6162B2CB447003729C9 /* NewsResponse.swift */,
			);
			path = Response;
			sourceTree = "<group>";
		};
		7EB6E6332B2CB5EB003729C9 /* Utils */ = {
			isa = PBXGroup;
			children = (
				7EB6E6472B2CBD18003729C9 /* Mapper */,
				7EB6E6382B2CB796003729C9 /* Extension */,
				7EB6E6352B2CB5F6003729C9 /* Network */,
			);
			path = Utils;
			sourceTree = "<group>";
		};
		7EB6E6352B2CB5F6003729C9 /* Network */ = {
			isa = PBXGroup;
			children = (
				7EB6E6362B2CB609003729C9 /* APIService.swift */,
			);
			path = Network;
			sourceTree = "<group>";
		};
		7EB6E6382B2CB796003729C9 /* Extension */ = {
			isa = PBXGroup;
			children = (
				7EB6E6392B2CB7A2003729C9 /* CustomError+Ext.swift */,
			);
			path = Extension;
			sourceTree = "<group>";
		};
		7EB6E63D2B2CB9E1003729C9 /* Domain */ = {
			isa = PBXGroup;
			children = (
				7EB6E63E2B2CB9EE003729C9 /* Model */,
			);
			path = Domain;
			sourceTree = "<group>";
		};
		7EB6E63E2B2CB9EE003729C9 /* Model */ = {
			isa = PBXGroup;
			children = (
				7EB6E6402B2CBA24003729C9 /* News.swift */,
			);
			path = Model;
			sourceTree = "<group>";
		};
		7EB6E6442B2CBC30003729C9 /* Injection */ = {
			isa = PBXGroup;
			children = (
				7EB6E6452B2CBC5D003729C9 /* Injection.swift */,
			);
			path = Injection;
			sourceTree = "<group>";
		};
		7EB6E6472B2CBD18003729C9 /* Mapper */ = {
			isa = PBXGroup;
			children = (
				7EB6E6482B2CBD1F003729C9 /* NewsMapper.swift */,
			);
			path = Mapper;
			sourceTree = "<group>";
		};
		7EB6E64A2B2CBF70003729C9 /* Module */ = {
			isa = PBXGroup;
			children = (
				7EB6E64B2B2CBF76003729C9 /* Home */,
			);
			path = Module;
			sourceTree = "<group>";
		};
		7EB6E64B2B2CBF76003729C9 /* Home */ = {
			isa = PBXGroup;
			children = (
				7EB6E66D2B2CCD07003729C9 /* Interactor */,
				7EB6E64C2B2CBF84003729C9 /* View */,
			);
			path = Home;
			sourceTree = "<group>";
		};
		7EB6E64C2B2CBF84003729C9 /* View */ = {
			isa = PBXGroup;
			children = (
				7EB6E64F2B2CC0D3003729C9 /* Cell */,
				7EB6E64D2B2CBF92003729C9 /* HomeViewController.swift */,
			);
			path = View;
			sourceTree = "<group>";
		};
		7EB6E64F2B2CC0D3003729C9 /* Cell */ = {
			isa = PBXGroup;
			children = (
				7EB6E6502B2CC0EA003729C9 /* NewsTableViewCell.swift */,
			);
			path = Cell;
			sourceTree = "<group>";
		};
		7EB6E66D2B2CCD07003729C9 /* Interactor */ = {
			isa = PBXGroup;
			children = (
				7EB6E66E2B2CCD16003729C9 /* HomeInteractor.swift */,
			);
			path = Interactor;
			sourceTree = "<group>";
		};
/* End PBXGroup section */

/* Begin PBXNativeTarget section */
		7EB6E5F92B2CB320003729C9 /* MockaNews */ = {
			isa = PBXNativeTarget;
			buildConfigurationList = 7EB6E60E2B2CB321003729C9 /* Build configuration list for PBXNativeTarget "MockaNews" */;
			buildPhases = (
				7EB6E5F62B2CB320003729C9 /* Sources */,
				7EB6E5F72B2CB320003729C9 /* Frameworks */,
				7EB6E5F82B2CB320003729C9 /* Resources */,
			);
			buildRules = (
			);
			dependencies = (
			);
			name = MockaNews;
			packageProductDependencies = (
				7EB6E61B2B2CB4C1003729C9 /* Alamofire */,
				7EB6E65E2B2CC9E1003729C9 /* RxBlocking */,
				7EB6E6602B2CC9E1003729C9 /* RxBlocking-Dynamic */,
				7EB6E6622B2CC9E1003729C9 /* RxCocoa */,
				7EB6E6642B2CC9E1003729C9 /* RxCocoa-Dynamic */,
				7EB6E6662B2CC9E1003729C9 /* RxRelay */,
				7EB6E6692B2CCABD003729C9 /* SDWebImage */,
				7EB6E66B2B2CCABD003729C9 /* SDWebImageMapKit */,
			);
			productName = MockaNews;
			productReference = 7EB6E5FA2B2CB320003729C9 /* MockaNews.app */;
			productType = "com.apple.product-type.application";
		};
/* End PBXNativeTarget section */

/* Begin PBXProject section */
		7EB6E5F22B2CB320003729C9 /* Project object */ = {
			isa = PBXProject;
			attributes = {
				BuildIndependentTargetsInParallel = 1;
				LastSwiftUpdateCheck = 1500;
				LastUpgradeCheck = 1500;
				TargetAttributes = {
					7EB6E5F92B2CB320003729C9 = {
						CreatedOnToolsVersion = 15.0.1;
					};
				};
			};
			buildConfigurationList = 7EB6E5F52B2CB320003729C9 /* Build configuration list for PBXProject "MockaNews" */;
			compatibilityVersion = "Xcode 14.0";
			developmentRegion = en;
			hasScannedForEncodings = 0;
			knownRegions = (
				en,
				Base,
			);
			mainGroup = 7EB6E5F12B2CB320003729C9;
			packageReferences = (
				7EB6E61A2B2CB4C1003729C9 /* XCRemoteSwiftPackageReference "Alamofire" */,
				7EB6E65D2B2CC9E1003729C9 /* XCRemoteSwiftPackageReference "RxSwift" */,
				7EB6E6682B2CCABD003729C9 /* XCRemoteSwiftPackageReference "SDWebImage" */,
			);
			productRefGroup = 7EB6E5FB2B2CB320003729C9 /* Products */;
			projectDirPath = "";
			projectRoot = "";
			targets = (
				7EB6E5F92B2CB320003729C9 /* MockaNews */,
			);
		};
/* End PBXProject section */

/* Begin PBXResourcesBuildPhase section */
		7EB6E5F82B2CB320003729C9 /* Resources */ = {
			isa = PBXResourcesBuildPhase;
			buildActionMask = 2147483647;
			files = (
				7EB6E60A2B2CB321003729C9 /* LaunchScreen.storyboard in Resources */,
				7EB6E6072B2CB321003729C9 /* Assets.xcassets in Resources */,
			);
			runOnlyForDeploymentPostprocessing = 0;
		};
/* End PBXResourcesBuildPhase section */

/* Begin PBXSourcesBuildPhase section */
		7EB6E5F62B2CB320003729C9 /* Sources */ = {
			isa = PBXSourcesBuildPhase;
			buildActionMask = 2147483647;
			files = (
				7EB6E6022B2CB320003729C9 /* ViewController.swift in Sources */,
				7EB6E6492B2CBD1F003729C9 /* NewsMapper.swift in Sources */,
				7EB6E6192B2CB4A0003729C9 /* RemoteDataSource.swift in Sources */,
				7EB6E6512B2CC0EA003729C9 /* NewsTableViewCell.swift in Sources */,
				7EB6E6412B2CBA24003729C9 /* News.swift in Sources */,
				7EB6E6172B2CB447003729C9 /* NewsResponse.swift in Sources */,
				7EB6E5FE2B2CB320003729C9 /* AppDelegate.swift in Sources */,
				7EB6E6462B2CBC5D003729C9 /* Injection.swift in Sources */,
				7EB6E63A2B2CB7A2003729C9 /* CustomError+Ext.swift in Sources */,
				7EB6E6372B2CB609003729C9 /* APIService.swift in Sources */,
				7EB6E6002B2CB320003729C9 /* SceneDelegate.swift in Sources */,
				7EB6E6432B2CBA91003729C9 /* NewsRepository.swift in Sources */,
				7EB6E64E2B2CBF92003729C9 /* HomeViewController.swift in Sources */,
				7EB6E66F2B2CCD16003729C9 /* HomeInteractor.swift in Sources */,
			);
			runOnlyForDeploymentPostprocessing = 0;
		};
/* End PBXSourcesBuildPhase section */

/* Begin PBXVariantGroup section */
		7EB6E6082B2CB321003729C9 /* LaunchScreen.storyboard */ = {
			isa = PBXVariantGroup;
			children = (
				7EB6E6092B2CB321003729C9 /* Base */,
			);
			name = LaunchScreen.storyboard;
			sourceTree = "<group>";
		};
/* End PBXVariantGroup section */

/* Begin XCBuildConfiguration section */
		7EB6E60C2B2CB321003729C9 /* Debug */ = {
			isa = XCBuildConfiguration;
			buildSettings = {
				ALWAYS_SEARCH_USER_PATHS = NO;
				ASSETCATALOG_COMPILER_GENERATE_SWIFT_ASSET_SYMBOL_EXTENSIONS = YES;
				CLANG_ANALYZER_NONNULL = YES;
				CLANG_ANALYZER_NUMBER_OBJECT_CONVERSION = YES_AGGRESSIVE;
				CLANG_CXX_LANGUAGE_STANDARD = "gnu++20";
				CLANG_ENABLE_MODULES = YES;
				CLANG_ENABLE_OBJC_ARC = YES;
				CLANG_ENABLE_OBJC_WEAK = YES;
				CLANG_WARN_BLOCK_CAPTURE_AUTORELEASING = YES;
				CLANG_WARN_BOOL_CONVERSION = YES;
				CLANG_WARN_COMMA = YES;
				CLANG_WARN_CONSTANT_CONVERSION = YES;
				CLANG_WARN_DEPRECATED_OBJC_IMPLEMENTATIONS = YES;
				CLANG_WARN_DIRECT_OBJC_ISA_USAGE = YES_ERROR;
				CLANG_WARN_DOCUMENTATION_COMMENTS = YES;
				CLANG_WARN_EMPTY_BODY = YES;
				CLANG_WARN_ENUM_CONVERSION = YES;
				CLANG_WARN_INFINITE_RECURSION = YES;
				CLANG_WARN_INT_CONVERSION = YES;
				CLANG_WARN_NON_LITERAL_NULL_CONVERSION = YES;
				CLANG_WARN_OBJC_IMPLICIT_RETAIN_SELF = YES;
				CLANG_WARN_OBJC_LITERAL_CONVERSION = YES;
				CLANG_WARN_OBJC_ROOT_CLASS = YES_ERROR;
				CLANG_WARN_QUOTED_INCLUDE_IN_FRAMEWORK_HEADER = YES;
				CLANG_WARN_RANGE_LOOP_ANALYSIS = YES;
				CLANG_WARN_STRICT_PROTOTYPES = YES;
				CLANG_WARN_SUSPICIOUS_MOVE = YES;
				CLANG_WARN_UNGUARDED_AVAILABILITY = YES_AGGRESSIVE;
				CLANG_WARN_UNREACHABLE_CODE = YES;
				CLANG_WARN__DUPLICATE_METHOD_MATCH = YES;
				COPY_PHASE_STRIP = NO;
				DEBUG_INFORMATION_FORMAT = dwarf;
				ENABLE_STRICT_OBJC_MSGSEND = YES;
				ENABLE_TESTABILITY = YES;
				ENABLE_USER_SCRIPT_SANDBOXING = YES;
				GCC_C_LANGUAGE_STANDARD = gnu17;
				GCC_DYNAMIC_NO_PIC = NO;
				GCC_NO_COMMON_BLOCKS = YES;
				GCC_OPTIMIZATION_LEVEL = 0;
				GCC_PREPROCESSOR_DEFINITIONS = (
					"DEBUG=1",
					"$(inherited)",
				);
				GCC_WARN_64_TO_32_BIT_CONVERSION = YES;
				GCC_WARN_ABOUT_RETURN_TYPE = YES_ERROR;
				GCC_WARN_UNDECLARED_SELECTOR = YES;
				GCC_WARN_UNINITIALIZED_AUTOS = YES_AGGRESSIVE;
				GCC_WARN_UNUSED_FUNCTION = YES;
				GCC_WARN_UNUSED_VARIABLE = YES;
				IPHONEOS_DEPLOYMENT_TARGET = 17.0;
				LOCALIZATION_PREFERS_STRING_CATALOGS = YES;
				MTL_ENABLE_DEBUG_INFO = INCLUDE_SOURCE;
				MTL_FAST_MATH = YES;
				ONLY_ACTIVE_ARCH = YES;
				SDKROOT = iphoneos;
				SWIFT_ACTIVE_COMPILATION_CONDITIONS = "DEBUG $(inherited)";
				SWIFT_OPTIMIZATION_LEVEL = "-Onone";
			};
			name = Debug;
		};
		7EB6E60D2B2CB321003729C9 /* Release */ = {
			isa = XCBuildConfiguration;
			buildSettings = {
				ALWAYS_SEARCH_USER_PATHS = NO;
				ASSETCATALOG_COMPILER_GENERATE_SWIFT_ASSET_SYMBOL_EXTENSIONS = YES;
				CLANG_ANALYZER_NONNULL = YES;
				CLANG_ANALYZER_NUMBER_OBJECT_CONVERSION = YES_AGGRESSIVE;
				CLANG_CXX_LANGUAGE_STANDARD = "gnu++20";
				CLANG_ENABLE_MODULES = YES;
				CLANG_ENABLE_OBJC_ARC = YES;
				CLANG_ENABLE_OBJC_WEAK = YES;
				CLANG_WARN_BLOCK_CAPTURE_AUTORELEASING = YES;
				CLANG_WARN_BOOL_CONVERSION = YES;
				CLANG_WARN_COMMA = YES;
				CLANG_WARN_CONSTANT_CONVERSION = YES;
				CLANG_WARN_DEPRECATED_OBJC_IMPLEMENTATIONS = YES;
				CLANG_WARN_DIRECT_OBJC_ISA_USAGE = YES_ERROR;
				CLANG_WARN_DOCUMENTATION_COMMENTS = YES;
				CLANG_WARN_EMPTY_BODY = YES;
				CLANG_WARN_ENUM_CONVERSION = YES;
				CLANG_WARN_INFINITE_RECURSION = YES;
				CLANG_WARN_INT_CONVERSION = YES;
				CLANG_WARN_NON_LITERAL_NULL_CONVERSION = YES;
				CLANG_WARN_OBJC_IMPLICIT_RETAIN_SELF = YES;
				CLANG_WARN_OBJC_LITERAL_CONVERSION = YES;
				CLANG_WARN_OBJC_ROOT_CLASS = YES_ERROR;
				CLANG_WARN_QUOTED_INCLUDE_IN_FRAMEWORK_HEADER = YES;
				CLANG_WARN_RANGE_LOOP_ANALYSIS = YES;
				CLANG_WARN_STRICT_PROTOTYPES = YES;
				CLANG_WARN_SUSPICIOUS_MOVE = YES;
				CLANG_WARN_UNGUARDED_AVAILABILITY = YES_AGGRESSIVE;
				CLANG_WARN_UNREACHABLE_CODE = YES;
				CLANG_WARN__DUPLICATE_METHOD_MATCH = YES;
				COPY_PHASE_STRIP = NO;
				DEBUG_INFORMATION_FORMAT = "dwarf-with-dsym";
				ENABLE_NS_ASSERTIONS = NO;
				ENABLE_STRICT_OBJC_MSGSEND = YES;
				ENABLE_USER_SCRIPT_SANDBOXING = YES;
				GCC_C_LANGUAGE_STANDARD = gnu17;
				GCC_NO_COMMON_BLOCKS = YES;
				GCC_WARN_64_TO_32_BIT_CONVERSION = YES;
				GCC_WARN_ABOUT_RETURN_TYPE = YES_ERROR;
				GCC_WARN_UNDECLARED_SELECTOR = YES;
				GCC_WARN_UNINITIALIZED_AUTOS = YES_AGGRESSIVE;
				GCC_WARN_UNUSED_FUNCTION = YES;
				GCC_WARN_UNUSED_VARIABLE = YES;
				IPHONEOS_DEPLOYMENT_TARGET = 17.0;
				LOCALIZATION_PREFERS_STRING_CATALOGS = YES;
				MTL_ENABLE_DEBUG_INFO = NO;
				MTL_FAST_MATH = YES;
				SDKROOT = iphoneos;
				SWIFT_COMPILATION_MODE = wholemodule;
				VALIDATE_PRODUCT = YES;
			};
			name = Release;
		};
		7EB6E60F2B2CB321003729C9 /* Debug */ = {
			isa = XCBuildConfiguration;
			buildSettings = {
				ASSETCATALOG_COMPILER_APPICON_NAME = AppIcon;
				ASSETCATALOG_COMPILER_GLOBAL_ACCENT_COLOR_NAME = AccentColor;
				CODE_SIGN_STYLE = Automatic;
				CURRENT_PROJECT_VERSION = 1;
				DEVELOPMENT_TEAM = 3F8C4P2T95;
				GENERATE_INFOPLIST_FILE = YES;
				INFOPLIST_FILE = MockaNews/Info.plist;
				INFOPLIST_KEY_UIApplicationSupportsIndirectInputEvents = YES;
				INFOPLIST_KEY_UILaunchStoryboardName = LaunchScreen;
				INFOPLIST_KEY_UISupportedInterfaceOrientations_iPad = "UIInterfaceOrientationPortrait UIInterfaceOrientationPortraitUpsideDown UIInterfaceOrientationLandscapeLeft UIInterfaceOrientationLandscapeRight";
				INFOPLIST_KEY_UISupportedInterfaceOrientations_iPhone = "UIInterfaceOrientationPortrait UIInterfaceOrientationLandscapeLeft UIInterfaceOrientationLandscapeRight";
				LD_RUNPATH_SEARCH_PATHS = (
					"$(inherited)",
					"@executable_path/Frameworks",
				);
				MARKETING_VERSION = 1.0;
				PRODUCT_BUNDLE_IDENTIFIER = com.rivaldofez.MockaNews;
				PRODUCT_NAME = "$(TARGET_NAME)";
				SWIFT_EMIT_LOC_STRINGS = YES;
				SWIFT_VERSION = 5.0;
				TARGETED_DEVICE_FAMILY = "1,2";
			};
			name = Debug;
		};
		7EB6E6102B2CB321003729C9 /* Release */ = {
			isa = XCBuildConfiguration;
			buildSettings = {
				ASSETCATALOG_COMPILER_APPICON_NAME = AppIcon;
				ASSETCATALOG_COMPILER_GLOBAL_ACCENT_COLOR_NAME = AccentColor;
				CODE_SIGN_STYLE = Automatic;
				CURRENT_PROJECT_VERSION = 1;
				DEVELOPMENT_TEAM = 3F8C4P2T95;
				GENERATE_INFOPLIST_FILE = YES;
				INFOPLIST_FILE = MockaNews/Info.plist;
				INFOPLIST_KEY_UIApplicationSupportsIndirectInputEvents = YES;
				INFOPLIST_KEY_UILaunchStoryboardName = LaunchScreen;
				INFOPLIST_KEY_UISupportedInterfaceOrientations_iPad = "UIInterfaceOrientationPortrait UIInterfaceOrientationPortraitUpsideDown UIInterfaceOrientationLandscapeLeft UIInterfaceOrientationLandscapeRight";
				INFOPLIST_KEY_UISupportedInterfaceOrientations_iPhone = "UIInterfaceOrientationPortrait UIInterfaceOrientationLandscapeLeft UIInterfaceOrientationLandscapeRight";
				LD_RUNPATH_SEARCH_PATHS = (
					"$(inherited)",
					"@executable_path/Frameworks",
				);
				MARKETING_VERSION = 1.0;
				PRODUCT_BUNDLE_IDENTIFIER = com.rivaldofez.MockaNews;
				PRODUCT_NAME = "$(TARGET_NAME)";
				SWIFT_EMIT_LOC_STRINGS = YES;
				SWIFT_VERSION = 5.0;
				TARGETED_DEVICE_FAMILY = "1,2";
			};
			name = Release;
		};
/* End XCBuildConfiguration section */

/* Begin XCConfigurationList section */
		7EB6E5F52B2CB320003729C9 /* Build configuration list for PBXProject "MockaNews" */ = {
			isa = XCConfigurationList;
			buildConfigurations = (
				7EB6E60C2B2CB321003729C9 /* Debug */,
				7EB6E60D2B2CB321003729C9 /* Release */,
			);
			defaultConfigurationIsVisible = 0;
			defaultConfigurationName = Release;
		};
		7EB6E60E2B2CB321003729C9 /* Build configuration list for PBXNativeTarget "MockaNews" */ = {
			isa = XCConfigurationList;
			buildConfigurations = (
				7EB6E60F2B2CB321003729C9 /* Debug */,
				7EB6E6102B2CB321003729C9 /* Release */,
			);
			defaultConfigurationIsVisible = 0;
			defaultConfigurationName = Release;
		};
/* End XCConfigurationList section */

/* Begin XCRemoteSwiftPackageReference section */
		7EB6E61A2B2CB4C1003729C9 /* XCRemoteSwiftPackageReference "Alamofire" */ = {
			isa = XCRemoteSwiftPackageReference;
			repositoryURL = "https://github.com/Alamofire/Alamofire";
			requirement = {
				kind = upToNextMajorVersion;
				minimumVersion = 5.8.1;
			};
		};
		7EB6E65D2B2CC9E1003729C9 /* XCRemoteSwiftPackageReference "RxSwift" */ = {
			isa = XCRemoteSwiftPackageReference;
			repositoryURL = "https://github.com/ReactiveX/RxSwift";
			requirement = {
				kind = upToNextMajorVersion;
				minimumVersion = 6.6.0;
			};
		};
		7EB6E6682B2CCABD003729C9 /* XCRemoteSwiftPackageReference "SDWebImage" */ = {
			isa = XCRemoteSwiftPackageReference;
			repositoryURL = "https://github.com/SDWebImage/SDWebImage.git";
			requirement = {
				kind = upToNextMajorVersion;
				minimumVersion = 5.18.7;
			};
		};
/* End XCRemoteSwiftPackageReference section */

/* Begin XCSwiftPackageProductDependency section */
		7EB6E61B2B2CB4C1003729C9 /* Alamofire */ = {
			isa = XCSwiftPackageProductDependency;
			package = 7EB6E61A2B2CB4C1003729C9 /* XCRemoteSwiftPackageReference "Alamofire" */;
			productName = Alamofire;
		};
		7EB6E65E2B2CC9E1003729C9 /* RxBlocking */ = {
			isa = XCSwiftPackageProductDependency;
			package = 7EB6E65D2B2CC9E1003729C9 /* XCRemoteSwiftPackageReference "RxSwift" */;
			productName = RxBlocking;
		};
		7EB6E6602B2CC9E1003729C9 /* RxBlocking-Dynamic */ = {
			isa = XCSwiftPackageProductDependency;
			package = 7EB6E65D2B2CC9E1003729C9 /* XCRemoteSwiftPackageReference "RxSwift" */;
			productName = "RxBlocking-Dynamic";
		};
		7EB6E6622B2CC9E1003729C9 /* RxCocoa */ = {
			isa = XCSwiftPackageProductDependency;
			package = 7EB6E65D2B2CC9E1003729C9 /* XCRemoteSwiftPackageReference "RxSwift" */;
			productName = RxCocoa;
		};
		7EB6E6642B2CC9E1003729C9 /* RxCocoa-Dynamic */ = {
			isa = XCSwiftPackageProductDependency;
			package = 7EB6E65D2B2CC9E1003729C9 /* XCRemoteSwiftPackageReference "RxSwift" */;
			productName = "RxCocoa-Dynamic";
		};
		7EB6E6662B2CC9E1003729C9 /* RxRelay */ = {
			isa = XCSwiftPackageProductDependency;
			package = 7EB6E65D2B2CC9E1003729C9 /* XCRemoteSwiftPackageReference "RxSwift" */;
			productName = RxRelay;
		};
		7EB6E6692B2CCABD003729C9 /* SDWebImage */ = {
			isa = XCSwiftPackageProductDependency;
			package = 7EB6E6682B2CCABD003729C9 /* XCRemoteSwiftPackageReference "SDWebImage" */;
			productName = SDWebImage;
		};
		7EB6E66B2B2CCABD003729C9 /* SDWebImageMapKit */ = {
			isa = XCSwiftPackageProductDependency;
			package = 7EB6E6682B2CCABD003729C9 /* XCRemoteSwiftPackageReference "SDWebImage" */;
			productName = SDWebImageMapKit;
		};
/* End XCSwiftPackageProductDependency section */
	};
	rootObject = 7EB6E5F22B2CB320003729C9 /* Project object */;
}
